
Microsoft Visual Studio Solution File, Format Version 12.00
# Visual Studio 14
VisualStudioVersion = 14.0.24720.0
MinimumVisualStudioVersion = 10.0.40219.1
Project("{FAE04EC0-301F-11D3-BF4B-00C04F79EFBC}") = "PandoraWebTest", "PandoraWebTest\PandoraWebTest.csproj", "{5D4EDF2C-3C09-4181-897F-759F2DC6D416}"
EndProject
Project("{FAE04EC0-301F-11D3-BF4B-00C04F79EFBC}") = "PandoraWeb", "PandoraWeb\PandoraWeb.csproj", "{1B58C69F-58AB-4D19-AED5-3BA9E5FFCECB}"
EndProject
Project("{FAE04EC0-301F-11D3-BF4B-00C04F79EFBC}") = "DataAccess", "DataAccess\DataAccess.csproj", "{4647F511-3735-4D4F-B084-B2BF6F7BC83A}"
EndProject
Project("{FAE04EC0-301F-11D3-BF4B-00C04F79EFBC}") = "Core", "Core\Core.csproj", "{4F1839C0-E0FA-498F-82EB-5019A789C355}"
EndProject
Project("{FAE04EC0-301F-11D3-BF4B-00C04F79EFBC}") = "PandoraObjects", "DataObjects\PandoraObjects.csproj", "{02AE1C6D-6EB0-45AF-AAF0-CC7FC456C8FE}"
EndProject
Project("{FAE04EC0-301F-11D3-BF4B-00C04F79EFBC}") = "BusinessOneObjects", "BusinessOneObjects\BusinessOneObjects.csproj", "{FC09FDCB-1AA9-40B8-A452-75F89DBF44AD}"
EndProject
Project("{FAE04EC0-301F-11D3-BF4B-00C04F79EFBC}") = "Extensions", "Extensions\Extensions.csproj", "{107A227D-8243-4F55-91B1-0D8EC28BA7BF}"
EndProject
Project("{FAE04EC0-301F-11D3-BF4B-00C04F79EFBC}") = "SoapXmlGenerator", "SoapXmlGenerator\SoapXmlGenerator.csproj", "{FC391C99-5CC9-47E1-B0E9-442FE102D535}"
EndProject
Project("{FAE04EC0-301F-11D3-BF4B-00C04F79EFBC}") = "Pithos", "Pithos\Pithos.csproj", "{B0C99DEE-FBA3-44AD-BAE6-F88DD99A0781}"
EndProject
Global
	GlobalSection(SolutionConfigurationPlatforms) = preSolution
		Debug|Any CPU = Debug|Any CPU
		Release|Any CPU = Release|Any CPU
	EndGlobalSection
	GlobalSection(ProjectConfigurationPlatforms) = postSolution
		{5D4EDF2C-3C09-4181-897F-759F2DC6D416}.Debug|Any CPU.ActiveCfg = Debug|Any CPU
		{5D4EDF2C-3C09-4181-897F-759F2DC6D416}.Debug|Any CPU.Build.0 = Debug|Any CPU
		{5D4EDF2C-3C09-4181-897F-759F2DC6D416}.Release|Any CPU.ActiveCfg = Release|Any CPU
		{5D4EDF2C-3C09-4181-897F-759F2DC6D416}.Release|Any CPU.Build.0 = Release|Any CPU
		{1B58C69F-58AB-4D19-AED5-3BA9E5FFCECB}.Debug|Any CPU.ActiveCfg = Debug|Any CPU
		{1B58C69F-58AB-4D19-AED5-3BA9E5FFCECB}.Debug|Any CPU.Build.0 = Debug|Any CPU
		{1B58C69F-58AB-4D19-AED5-3BA9E5FFCECB}.Release|Any CPU.ActiveCfg = Release|Any CPU
		{1B58C69F-58AB-4D19-AED5-3BA9E5FFCECB}.Release|Any CPU.Build.0 = Release|Any CPU
		{4647F511-3735-4D4F-B084-B2BF6F7BC83A}.Debug|Any CPU.ActiveCfg = Debug|Any CPU
		{4647F511-3735-4D4F-B084-B2BF6F7BC83A}.Debug|Any CPU.Build.0 = Debug|Any CPU
		{4647F511-3735-4D4F-B084-B2BF6F7BC83A}.Release|Any CPU.ActiveCfg = Release|Any CPU
		{4647F511-3735-4D4F-B084-B2BF6F7BC83A}.Release|Any CPU.Build.0 = Release|Any CPU
		{4F1839C0-E0FA-498F-82EB-5019A789C355}.Debug|Any CPU.ActiveCfg = Debug|Any CPU
		{4F1839C0-E0FA-498F-82EB-5019A789C355}.Debug|Any CPU.Build.0 = Debug|Any CPU
		{4F1839C0-E0FA-498F-82EB-5019A789C355}.Release|Any CPU.ActiveCfg = Release|Any CPU
		{4F1839C0-E0FA-498F-82EB-5019A789C355}.Release|Any CPU.Build.0 = Release|Any CPU
		{02AE1C6D-6EB0-45AF-AAF0-CC7FC456C8FE}.Debug|Any CPU.ActiveCfg = Debug|Any CPU
		{02AE1C6D-6EB0-45AF-AAF0-CC7FC456C8FE}.Debug|Any CPU.Build.0 = Debug|Any CPU
		{02AE1C6D-6EB0-45AF-AAF0-CC7FC456C8FE}.Release|Any CPU.ActiveCfg = Release|Any CPU
		{02AE1C6D-6EB0-45AF-AAF0-CC7FC456C8FE}.Release|Any CPU.Build.0 = Release|Any CPU
		{FC09FDCB-1AA9-40B8-A452-75F89DBF44AD}.Debug|Any CPU.ActiveCfg = Debug|Any CPU
		{FC09FDCB-1AA9-40B8-A452-75F89DBF44AD}.Debug|Any CPU.Build.0 = Debug|Any CPU
		{FC09FDCB-1AA9-40B8-A452-75F89DBF44AD}.Release|Any CPU.ActiveCfg = Release|Any CPU
		{FC09FDCB-1AA9-40B8-A452-75F89DBF44AD}.Release|Any CPU.Build.0 = Release|Any CPU
		{107A227D-8243-4F55-91B1-0D8EC28BA7BF}.Debug|Any CPU.ActiveCfg = Debug|Any CPU
		{107A227D-8243-4F55-91B1-0D8EC28BA7BF}.Debug|Any CPU.Build.0 = Debug|Any CPU
		{107A227D-8243-4F55-91B1-0D8EC28BA7BF}.Release|Any CPU.ActiveCfg = Release|Any CPU
		{107A227D-8243-4F55-91B1-0D8EC28BA7BF}.Release|Any CPU.Build.0 = Release|Any CPU
		{FC391C99-5CC9-47E1-B0E9-442FE102D535}.Debug|Any CPU.ActiveCfg = Debug|Any CPU
		{FC391C99-5CC9-47E1-B0E9-442FE102D535}.Debug|Any CPU.Build.0 = Debug|Any CPU
		{FC391C99-5CC9-47E1-B0E9-442FE102D535}.Release|Any CPU.ActiveCfg = Release|Any CPU
		{FC391C99-5CC9-47E1-B0E9-442FE102D535}.Release|Any CPU.Build.0 = Release|Any CPU
		{B0C99DEE-FBA3-44AD-BAE6-F88DD99A0781}.Debug|Any CPU.ActiveCfg = Debug|Any CPU
		{B0C99DEE-FBA3-44AD-BAE6-F88DD99A0781}.Debug|Any CPU.Build.0 = Debug|Any CPU
		{B0C99DEE-FBA3-44AD-BAE6-F88DD99A0781}.Release|Any CPU.ActiveCfg = Release|Any CPU
		{B0C99DEE-FBA3-44AD-BAE6-F88DD99A0781}.Release|Any CPU.Build.0 = Release|Any CPU
	EndGlobalSection
	GlobalSection(SolutionProperties) = preSolution
		HideSolutionNode = FALSE
	EndGlobalSection
EndGlobal
